
Microsoft Visual Studio Solution File, Format Version 12.00
# Visual Studio 15
VisualStudioVersion = 15.0.28307.421
MinimumVisualStudioVersion = 10.0.40219.1
Project("{FAE04EC0-301F-11D3-BF4B-00C04F79EFBC}") = "MarsIceEngine.Monogame", "MarsIceEngine.Monogame\MarsIceEngine.Monogame.csproj", "{011819C3-6B2D-4541-91D1-5B9D2D0DEFBF}"
EndProject
Project("{FAE04EC0-301F-11D3-BF4B-00C04F79EFBC}") = "MarsIceEngine.Entity", "MarsIceEngine.Entity\MarsIceEngine.Entity.csproj", "{1446C558-8341-4A50-99BD-4ACB6ECEB133}"
EndProject
Project("{FAE04EC0-301F-11D3-BF4B-00C04F79EFBC}") = "MarsIceEngine.Common", "MarsIceEngine.Common\MarsIceEngine.Common.csproj", "{D365EFB1-FE7E-479D-B902-CE231EFA3A6F}"
EndProject
Project("{FAE04EC0-301F-11D3-BF4B-00C04F79EFBC}") = "MarsIceEngine.Entity.Tests", "MarsIceEngine.Entity.Tests\MarsIceEngine.Entity.Tests.csproj", "{1A3747C3-BC71-4B59-837F-26EB9F69E044}"
EndProject
Global
	GlobalSection(SolutionConfigurationPlatforms) = preSolution
		Debug|Any CPU = Debug|Any CPU
		Debug|x86 = Debug|x86
		Release|Any CPU = Release|Any CPU
		Release|x86 = Release|x86
	EndGlobalSection
	GlobalSection(ProjectConfigurationPlatforms) = postSolution
		{011819C3-6B2D-4541-91D1-5B9D2D0DEFBF}.Debug|Any CPU.ActiveCfg = Debug|Any CPU
		{011819C3-6B2D-4541-91D1-5B9D2D0DEFBF}.Debug|Any CPU.Build.0 = Debug|Any CPU
		{011819C3-6B2D-4541-91D1-5B9D2D0DEFBF}.Debug|x86.ActiveCfg = Debug|Any CPU
		{011819C3-6B2D-4541-91D1-5B9D2D0DEFBF}.Debug|x86.Build.0 = Debug|Any CPU
		{011819C3-6B2D-4541-91D1-5B9D2D0DEFBF}.Release|Any CPU.ActiveCfg = Release|Any CPU
		{011819C3-6B2D-4541-91D1-5B9D2D0DEFBF}.Release|Any CPU.Build.0 = Release|Any CPU
		{011819C3-6B2D-4541-91D1-5B9D2D0DEFBF}.Release|x86.ActiveCfg = Release|Any CPU
		{011819C3-6B2D-4541-91D1-5B9D2D0DEFBF}.Release|x86.Build.0 = Release|Any CPU
		{1446C558-8341-4A50-99BD-4ACB6ECEB133}.Debug|Any CPU.ActiveCfg = Debug|Any CPU
		{1446C558-8341-4A50-99BD-4ACB6ECEB133}.Debug|Any CPU.Build.0 = Debug|Any CPU
		{1446C558-8341-4A50-99BD-4ACB6ECEB133}.Debug|x86.ActiveCfg = Debug|Any CPU
		{1446C558-8341-4A50-99BD-4ACB6ECEB133}.Debug|x86.Build.0 = Debug|Any CPU
		{1446C558-8341-4A50-99BD-4ACB6ECEB133}.Release|Any CPU.ActiveCfg = Release|Any CPU
		{1446C558-8341-4A50-99BD-4ACB6ECEB133}.Release|Any CPU.Build.0 = Release|Any CPU
		{1446C558-8341-4A50-99BD-4ACB6ECEB133}.Release|x86.ActiveCfg = Release|Any CPU
		{1446C558-8341-4A50-99BD-4ACB6ECEB133}.Release|x86.Build.0 = Release|Any CPU
		{D365EFB1-FE7E-479D-B902-CE231EFA3A6F}.Debug|Any CPU.ActiveCfg = Debug|Any CPU
		{D365EFB1-FE7E-479D-B902-CE231EFA3A6F}.Debug|Any CPU.Build.0 = Debug|Any CPU
		{D365EFB1-FE7E-479D-B902-CE231EFA3A6F}.Debug|x86.ActiveCfg = Debug|Any CPU
		{D365EFB1-FE7E-479D-B902-CE231EFA3A6F}.Debug|x86.Build.0 = Debug|Any CPU
		{D365EFB1-FE7E-479D-B902-CE231EFA3A6F}.Release|Any CPU.ActiveCfg = Release|Any CPU
		{D365EFB1-FE7E-479D-B902-CE231EFA3A6F}.Release|Any CPU.Build.0 = Release|Any CPU
		{D365EFB1-FE7E-479D-B902-CE231EFA3A6F}.Release|x86.ActiveCfg = Release|Any CPU
		{D365EFB1-FE7E-479D-B902-CE231EFA3A6F}.Release|x86.Build.0 = Release|Any CPU
		{1A3747C3-BC71-4B59-837F-26EB9F69E044}.Debug|Any CPU.ActiveCfg = Debug|Any CPU
		{1A3747C3-BC71-4B59-837F-26EB9F69E044}.Debug|Any CPU.Build.0 = Debug|Any CPU
		{1A3747C3-BC71-4B59-837F-26EB9F69E044}.Debug|x86.ActiveCfg = Debug|Any CPU
		{1A3747C3-BC71-4B59-837F-26EB9F69E044}.Debug|x86.Build.0 = Debug|Any CPU
		{1A3747C3-BC71-4B59-837F-26EB9F69E044}.Release|Any CPU.ActiveCfg = Release|Any CPU
		{1A3747C3-BC71-4B59-837F-26EB9F69E044}.Release|Any CPU.Build.0 = Release|Any CPU
		{1A3747C3-BC71-4B59-837F-26EB9F69E044}.Release|x86.ActiveCfg = Release|Any CPU
		{1A3747C3-BC71-4B59-837F-26EB9F69E044}.Release|x86.Build.0 = Release|Any CPU
	EndGlobalSection
	GlobalSection(SolutionProperties) = preSolution
		HideSolutionNode = FALSE
	EndGlobalSection
	GlobalSection(ExtensibilityGlobals) = postSolution
		SolutionGuid = {9C3E1233-4331-4CB7-BD54-6BE804EDAF7B}
	EndGlobalSection
EndGlobal
